
Microsoft Visual Studio Solution File, Format Version 12.00
# Visual Studio Version 16
VisualStudioVersion = 16.0.28809.33
MinimumVisualStudioVersion = 10.0.40219.1
Project("{9A19103F-16F7-4668-BE54-9A1E7A4F7556}") = "LTP.Interop.NetStandard", "LTP.Interop.NetStandard\LTP.Interop.NetStandard.csproj", "{C9EC83B0-4844-44C8-9910-52414A8A5E5D}"
EndProject
Project("{9A19103F-16F7-4668-BE54-9A1E7A4F7556}") = "LTP.Interop.NetCore", "LTP.Interop.NetCore\LTP.Interop.NetCore.csproj", "{26D421BB-8DB5-4612-9B27-3B6D6981A23C}"
EndProject
Project("{2150E333-8FDC-42A3-9474-1A3956D46DE8}") = "Solution Items", "Solution Items", "{3CF4179E-AFFF-470F-9EB8-B718DCD5CFDF}"
	ProjectSection(SolutionItems) = preProject
		.editorconfig = .editorconfig
	EndProjectSection
EndProject
Global
	GlobalSection(SolutionConfigurationPlatforms) = preSolution
		Debug|x64 = Debug|x64
		Debug|x86 = Debug|x86
		Release|x64 = Release|x64
		Release|x86 = Release|x86
	EndGlobalSection
	GlobalSection(ProjectConfigurationPlatforms) = postSolution
		{C9EC83B0-4844-44C8-9910-52414A8A5E5D}.Debug|x64.ActiveCfg = Debug|x64
		{C9EC83B0-4844-44C8-9910-52414A8A5E5D}.Debug|x64.Build.0 = Debug|x64
		{C9EC83B0-4844-44C8-9910-52414A8A5E5D}.Debug|x86.ActiveCfg = Debug|x86
		{C9EC83B0-4844-44C8-9910-52414A8A5E5D}.Debug|x86.Build.0 = Debug|x86
		{C9EC83B0-4844-44C8-9910-52414A8A5E5D}.Release|x64.ActiveCfg = Release|x64
		{C9EC83B0-4844-44C8-9910-52414A8A5E5D}.Release|x64.Build.0 = Release|x64
		{C9EC83B0-4844-44C8-9910-52414A8A5E5D}.Release|x86.ActiveCfg = Release|x86
		{C9EC83B0-4844-44C8-9910-52414A8A5E5D}.Release|x86.Build.0 = Release|x86
		{26D421BB-8DB5-4612-9B27-3B6D6981A23C}.Debug|x64.ActiveCfg = Debug|x64
		{26D421BB-8DB5-4612-9B27-3B6D6981A23C}.Debug|x64.Build.0 = Debug|x64
		{26D421BB-8DB5-4612-9B27-3B6D6981A23C}.Debug|x86.ActiveCfg = Debug|x86
		{26D421BB-8DB5-4612-9B27-3B6D6981A23C}.Debug|x86.Build.0 = Debug|x86
		{26D421BB-8DB5-4612-9B27-3B6D6981A23C}.Release|x64.ActiveCfg = Release|x64
		{26D421BB-8DB5-4612-9B27-3B6D6981A23C}.Release|x64.Build.0 = Release|x64
		{26D421BB-8DB5-4612-9B27-3B6D6981A23C}.Release|x86.ActiveCfg = Release|x86
		{26D421BB-8DB5-4612-9B27-3B6D6981A23C}.Release|x86.Build.0 = Release|x86
	EndGlobalSection
	GlobalSection(SolutionProperties) = preSolution
		HideSolutionNode = FALSE
	EndGlobalSection
	GlobalSection(ExtensibilityGlobals) = postSolution
		SolutionGuid = {4BB09AF3-10DD-4632-8344-7C6B9B30E534}
	EndGlobalSection
EndGlobal
